
Microsoft Visual Studio Solution File, Format Version 12.00
# Visual Studio Version 17
VisualStudioVersion = 17.11.35327.3
MinimumVisualStudioVersion = 10.0.40219.1
Project("{FAE04EC0-301F-11D3-BF4B-00C04F79EFBC}") = "Lab Activity 9-Github_Contribution", "Lab Activity 9-Github_Contribution\Lab Activity 9-Github_Contribution.csproj", "{F98FFD17-0796-4E36-AE32-6218F89AC2C8}"
EndProject
Global
	GlobalSection(SolutionConfigurationPlatforms) = preSolution
		Debug|Any CPU = Debug|Any CPU
		Release|Any CPU = Release|Any CPU
	EndGlobalSection
	GlobalSection(ProjectConfigurationPlatforms) = postSolution
		{F98FFD17-0796-4E36-AE32-6218F89AC2C8}.Debug|Any CPU.ActiveCfg = Debug|Any CPU
		{F98FFD17-0796-4E36-AE32-6218F89AC2C8}.Debug|Any CPU.Build.0 = Debug|Any CPU
		{F98FFD17-0796-4E36-AE32-6218F89AC2C8}.Release|Any CPU.ActiveCfg = Release|Any CPU
		{F98FFD17-0796-4E36-AE32-6218F89AC2C8}.Release|Any CPU.Build.0 = Release|Any CPU
	EndGlobalSection
	GlobalSection(SolutionProperties) = preSolution
		HideSolutionNode = FALSE
	EndGlobalSection
	GlobalSection(ExtensibilityGlobals) = postSolution
		SolutionGuid = {D73E3DF3-FEF3-417E-8E09-85BA3C860CBC}
	EndGlobalSection
EndGlobal
